
Microsoft Visual Studio Solution File, Format Version 12.00
# Visual Studio Version 17
VisualStudioVersion = 17.9.34607.119
MinimumVisualStudioVersion = 10.0.40219.1
Project("{FAE04EC0-301F-11D3-BF4B-00C04F79EFBC}") = "pr06", "pr06\pr06.csproj", "{E23C16D8-8B0E-46DC-ADC9-3D64F5A55EFA}"
EndProject
Global
	GlobalSection(SolutionConfigurationPlatforms) = preSolution
		Debug|Any CPU = Debug|Any CPU
		Release|Any CPU = Release|Any CPU
	EndGlobalSection
	GlobalSection(ProjectConfigurationPlatforms) = postSolution
		{E23C16D8-8B0E-46DC-ADC9-3D64F5A55EFA}.Debug|Any CPU.ActiveCfg = Debug|Any CPU
		{E23C16D8-8B0E-46DC-ADC9-3D64F5A55EFA}.Debug|Any CPU.Build.0 = Debug|Any CPU
		{E23C16D8-8B0E-46DC-ADC9-3D64F5A55EFA}.Release|Any CPU.ActiveCfg = Release|Any CPU
		{E23C16D8-8B0E-46DC-ADC9-3D64F5A55EFA}.Release|Any CPU.Build.0 = Release|Any CPU
	EndGlobalSection
	GlobalSection(SolutionProperties) = preSolution
		HideSolutionNode = FALSE
	EndGlobalSection
	GlobalSection(ExtensibilityGlobals) = postSolution
		SolutionGuid = {B5615EBF-A208-44F8-9C5E-E763C1019C18}
	EndGlobalSection
EndGlobal
